{
  "name": "main",
  "version": "1.0.0",
  "lockfileVersion": 2,
  "requires": true,
  "packages": {
    "": {
      "name": "main",
      "version": "1.0.0",
      "license": "ISC",
      "devDependencies": {
        "@swc/core": "^1.2.206",
        "@swc/helpers": "^0.4.3",
        "regenerator-runtime": "^0.13.9"
      }
    },
    "node_modules/@swc/core": {
      "version": "1.2.206",
      "resolved": "https://registry.npmjs.org/@swc/core/-/core-1.2.206.tgz",
      "integrity": "sha512-+n+WgDHW7vxT4Ja1kExCbHa6Wt3Ub3xztVcXsjB74O4/j0Z2j955/+zHEnYVTxIzlksI1wn2WAhT2mPJeMZ1Fg==",
      "dev": true,
      "bin": {
        "swcx": "run_swcx.js"
      },
      "engines": {
        "node": ">=10"
      },
      "funding": {
        "type": "opencollective",
        "url": "https://opencollective.com/swc"
      },
      "optionalDependencies": {
        "@swc/core-android-arm-eabi": "1.2.206",
        "@swc/core-android-arm64": "1.2.206",
        "@swc/core-darwin-arm64": "1.2.206",
        "@swc/core-darwin-x64": "1.2.206",
        "@swc/core-freebsd-x64": "1.2.206",
        "@swc/core-linux-arm-gnueabihf": "1.2.206",
        "@swc/core-linux-arm64-gnu": "1.2.206",
        "@swc/core-linux-arm64-musl": "1.2.206",
        "@swc/core-linux-x64-gnu": "1.2.206",
        "@swc/core-linux-x64-musl": "1.2.206",
        "@swc/core-win32-arm64-msvc": "1.2.206",
        "@swc/core-win32-ia32-msvc": "1.2.206",
        "@swc/core-win32-x64-msvc": "1.2.206"
      }
    },
    "node_modules/@swc/core-android-arm-eabi": {
      "version": "1.2.206",
      "resolved": "https://registry.npmjs.org/@swc/core-android-arm-eabi/-/core-android-arm-eabi-1.2.206.tgz",
      "integrity": "sha512-lizhy9LIRxOYjF/FShzS5NIWmCSjH4JRmcUGwemhGh/TZbepzSuss4X8VoOZ6qhuI2K2vQUtyMYFxJufNxLAvQ==",
      "cpu": [
        "arm"
      ],
      "dev": true,
      "optional": true,
      "os": [
        "android"
      ],
      "engines": {
        "node": ">=10"
      }
    },
    "node_modules/@swc/core-android-arm64": {
      "version": "1.2.206",
      "resolved": "https://registry.npmjs.org/@swc/core-android-arm64/-/core-android-arm64-1.2.206.tgz",
      "integrity": "sha512-MfYVgLTtwc33G+4l7TYM6kk3OBZAKApdDvAkusx1KXDQGgENhwEGUwYtM76ZqQT6AZMXm2RtbWYxYeJ3xE6dJQ==",
      "cpu": [
        "arm64"
      ],
      "dev": true,
      "optional": true,
      "os": [
        "android"
      ],
      "engines": {
        "node": ">=10"
      }
    },
    "node_modules/@swc/core-darwin-arm64": {
      "version": "1.2.206",
      "resolved": "https://registry.npmjs.org/@swc/core-darwin-arm64/-/core-darwin-arm64-1.2.206.tgz",
      "integrity": "sha512-Cp0b2l37nKiqfrxAZeyPIE3s09Xmhid8FeobKhEaG+RJVjGPQo4nlWNFlcPYxA568UQSy6kzRfAns+GkZTL7OQ==",
      "cpu": [
        "arm64"
      ],
      "dev": true,
      "optional": true,
      "os": [
        "darwin"
      ],
      "engines": {
        "node": ">=10"
      }
    },
    "node_modules/@swc/core-darwin-x64": {
      "version": "1.2.206",
      "resolved": "https://registry.npmjs.org/@swc/core-darwin-x64/-/core-darwin-x64-1.2.206.tgz",
      "integrity": "sha512-8j9S+cCrmCAQ37qgDmLC6RPMR0XrrgC7c/TrRPaXmXKzfJja3TSM3EY+s6pk0Lv6izQNpSnu1g/fpItOXvw4Qg==",
      "cpu": [
        "x64"
      ],
      "dev": true,
      "optional": true,
      "os": [
        "darwin"
      ],
      "engines": {
        "node": ">=10"
      }
    },
    "node_modules/@swc/core-freebsd-x64": {
      "version": "1.2.206",
      "resolved": "https://registry.npmjs.org/@swc/core-freebsd-x64/-/core-freebsd-x64-1.2.206.tgz",
      "integrity": "sha512-iqGn6hZVkMeD6a+at75Cfozu8YuErPrI0p26CJRUfGfvHay5hM64jPYg8AGAvz5M/EaytN1b+vbHbIzDzSarUQ==",
      "cpu": [
        "x64"
      ],
      "dev": true,
      "optional": true,
      "os": [
        "freebsd"
      ],
      "engines": {
        "node": ">=10"
      }
    },
    "node_modules/@swc/core-linux-arm-gnueabihf": {
      "version": "1.2.206",
      "resolved": "https://registry.npmjs.org/@swc/core-linux-arm-gnueabihf/-/core-linux-arm-gnueabihf-1.2.206.tgz",
      "integrity": "sha512-Z4c3SbnbN3dtN960+c7mm8QHIaorRX9cIDI7IOHw42VyqgYky5AcuZnOQrM6XKdflulPAd8siJaUh1SMSRxiiA==",
      "cpu": [
        "arm"
      ],
      "dev": true,
      "optional": true,
      "os": [
        "linux"
      ],
      "engines": {
        "node": ">=10"
      }
    },
    "node_modules/@swc/core-linux-arm64-gnu": {
      "version": "1.2.206",
      "resolved": "https://registry.npmjs.org/@swc/core-linux-arm64-gnu/-/core-linux-arm64-gnu-1.2.206.tgz",
      "integrity": "sha512-CwNJv9yBhRFgG4YPrXSMf6wCLp3dHjARuQI+IV6ep0at7DyxpmNKIMkmo2Ru8fhMCKfxILdOezn+PCfH5SkCqg==",
      "cpu": [
        "arm64"
      ],
      "dev": true,
      "optional": true,
      "os": [
        "linux"
      ],
      "engines": {
        "node": ">=10"
      }
    },
    "node_modules/@swc/core-linux-arm64-musl": {
      "version": "1.2.206",
      "resolved": "https://registry.npmjs.org/@swc/core-linux-arm64-musl/-/core-linux-arm64-musl-1.2.206.tgz",
      "integrity": "sha512-HyndSMfsuNZ9oZf4vVRmTJ6VXLbG3WLV2uzqnYo6ezjpcHqBI8VlgW5qSxlTa1Gxisw6ye9YX5M+NddX/jGlMQ==",
      "cpu": [
        "arm64"
      ],
      "dev": true,
      "optional": true,
      "os": [
        "linux"
      ],
      "engines": {
        "node": ">=10"
      }
    },
    "node_modules/@swc/core-linux-x64-gnu": {
      "version": "1.2.206",
      "resolved": "https://registry.npmjs.org/@swc/core-linux-x64-gnu/-/core-linux-x64-gnu-1.2.206.tgz",
      "integrity": "sha512-eGzXsW1u65RmsrqRHfpYsYBOPZCuYf0aVXCsXYmQMJ0CuK1hIWyvA5LMOqFZNQJS3+Np5ezZ5OiH2KaxzCtWRA==",
      "cpu": [
        "x64"
      ],
      "dev": true,
      "optional": true,
      "os": [
        "linux"
      ],
      "engines": {
        "node": ">=10"
      }
    },
    "node_modules/@swc/core-linux-x64-musl": {
      "version": "1.2.206",
      "resolved": "https://registry.npmjs.org/@swc/core-linux-x64-musl/-/core-linux-x64-musl-1.2.206.tgz",
      "integrity": "sha512-WXuAaee7PNOllQjMm/IaqrJeYG3x0B32LtbdMDh++fe53zMytrilHmmE+IfxzZFBa4Hacu7U1JyTG+cFBpmscA==",
      "cpu": [
        "x64"
      ],
      "dev": true,
      "optional": true,
      "os": [
        "linux"
      ],
      "engines": {
        "node": ">=10"
      }
    },
    "node_modules/@swc/core-win32-arm64-msvc": {
      "version": "1.2.206",
      "resolved": "https://registry.npmjs.org/@swc/core-win32-arm64-msvc/-/core-win32-arm64-msvc-1.2.206.tgz",
      "integrity": "sha512-IqXVI4WAYlX2V8rXZrUEz3qljm3n5EA43zVSG4SlwnE3nbgzvlX5Yw1U06n2/Z7Q/n5mYV3XOik6LIJ5G5MiFw==",
      "cpu": [
        "arm64"
      ],
      "dev": true,
      "optional": true,
      "os": [
        "win32"
      ],
      "engines": {
        "node": ">=10"
      }
    },
    "node_modules/@swc/core-win32-ia32-msvc": {
      "version": "1.2.206",
      "resolved": "https://registry.npmjs.org/@swc/core-win32-ia32-msvc/-/core-win32-ia32-msvc-1.2.206.tgz",
      "integrity": "sha512-wO8+BpfEEX4dGZPoLft7SoGeMf3NbUvuSkjzkFl0y81YCRTt+UQngSyNI3irIrAoh5u3lE3g9Pt4GX4gIYxT+Q==",
      "cpu": [
        "ia32"
      ],
      "dev": true,
      "optional": true,
      "os": [
        "win32"
      ],
      "engines": {
        "node": ">=10"
      }
    },
    "node_modules/@swc/core-win32-x64-msvc": {
      "version": "1.2.206",
      "resolved": "https://registry.npmjs.org/@swc/core-win32-x64-msvc/-/core-win32-x64-msvc-1.2.206.tgz",
      "integrity": "sha512-LTC1x4VeWnHBtCKw7CLk3fbp3FxgcrjkbM2gS32qOCVl6QNVw+GoyWtnEEb9biAO/MjK/AESz96ew4cgmBVAJw==",
      "cpu": [
        "x64"
      ],
      "dev": true,
      "optional": true,
      "os": [
        "win32"
      ],
      "engines": {
        "node": ">=10"
      }
    },
    "node_modules/@swc/helpers": {
      "version": "0.4.3",
      "resolved": "https://registry.npmjs.org/@swc/helpers/-/helpers-0.4.3.tgz",
      "integrity": "sha512-6JrF+fdUK2zbGpJIlN7G3v966PQjyx/dPt1T9km2wj+EUBqgrxCk3uX4Kct16MIm9gGxfKRcfax2hVf5jvlTzA==",
      "dev": true,
      "dependencies": {
        "tslib": "^2.4.0"
      }
    },
    "node_modules/regenerator-runtime": {
      "version": "0.13.9",
      "resolved": "https://registry.npmjs.org/regenerator-runtime/-/regenerator-runtime-0.13.9.tgz",
      "integrity": "sha512-p3VT+cOEgxFsRRA9X4lkI1E+k2/CtnKtU4gcxyaCUreilL/vqI6CdZ3wxVUx3UOUg+gnUOQQcRI7BmSI656MYA==",
      "dev": true
    },
    "node_modules/tslib": {
      "version": "2.4.0",
      "resolved": "https://registry.npmjs.org/tslib/-/tslib-2.4.0.tgz",
      "integrity": "sha512-d6xOpEDfsi2CZVlPQzGeux8XMwLT9hssAsaPYExaQMuYskwb+x1x7J371tWlbBdWHroy99KnVB6qIkUbs5X3UQ==",
      "dev": true
    }
  },
  "dependencies": {
    "@swc/core": {
      "version": "1.2.206",
      "resolved": "https://registry.npmjs.org/@swc/core/-/core-1.2.206.tgz",
      "integrity": "sha512-+n+WgDHW7vxT4Ja1kExCbHa6Wt3Ub3xztVcXsjB74O4/j0Z2j955/+zHEnYVTxIzlksI1wn2WAhT2mPJeMZ1Fg==",
      "dev": true,
      "requires": {
        "@swc/core-android-arm-eabi": "1.2.206",
        "@swc/core-android-arm64": "1.2.206",
        "@swc/core-darwin-arm64": "1.2.206",
        "@swc/core-darwin-x64": "1.2.206",
        "@swc/core-freebsd-x64": "1.2.206",
        "@swc/core-linux-arm-gnueabihf": "1.2.206",
        "@swc/core-linux-arm64-gnu": "1.2.206",
        "@swc/core-linux-arm64-musl": "1.2.206",
        "@swc/core-linux-x64-gnu": "1.2.206",
        "@swc/core-linux-x64-musl": "1.2.206",
        "@swc/core-win32-arm64-msvc": "1.2.206",
        "@swc/core-win32-ia32-msvc": "1.2.206",
        "@swc/core-win32-x64-msvc": "1.2.206"
      }
    },
    "@swc/core-android-arm-eabi": {
      "version": "1.2.206",
      "resolved": "https://registry.npmjs.org/@swc/core-android-arm-eabi/-/core-android-arm-eabi-1.2.206.tgz",
      "integrity": "sha512-lizhy9LIRxOYjF/FShzS5NIWmCSjH4JRmcUGwemhGh/TZbepzSuss4X8VoOZ6qhuI2K2vQUtyMYFxJufNxLAvQ==",
      "dev": true,
      "optional": true
    },
    "@swc/core-android-arm64": {
      "version": "1.2.206",
      "resolved": "https://registry.npmjs.org/@swc/core-android-arm64/-/core-android-arm64-1.2.206.tgz",
      "integrity": "sha512-MfYVgLTtwc33G+4l7TYM6kk3OBZAKApdDvAkusx1KXDQGgENhwEGUwYtM76ZqQT6AZMXm2RtbWYxYeJ3xE6dJQ==",
      "dev": true,
      "optional": true
    },
    "@swc/core-darwin-arm64": {
      "version": "1.2.206",
      "resolved": "https://registry.npmjs.org/@swc/core-darwin-arm64/-/core-darwin-arm64-1.2.206.tgz",
      "integrity": "sha512-Cp0b2l37nKiqfrxAZeyPIE3s09Xmhid8FeobKhEaG+RJVjGPQo4nlWNFlcPYxA568UQSy6kzRfAns+GkZTL7OQ==",
      "dev": true,
      "optional": true
    },
    "@swc/core-darwin-x64": {
      "version": "1.2.206",
      "resolved": "https://registry.npmjs.org/@swc/core-darwin-x64/-/core-darwin-x64-1.2.206.tgz",
      "integrity": "sha512-8j9S+cCrmCAQ37qgDmLC6RPMR0XrrgC7c/TrRPaXmXKzfJja3TSM3EY+s6pk0Lv6izQNpSnu1g/fpItOXvw4Qg==",
      "dev": true,
      "optional": true
    },
    "@swc/core-freebsd-x64": {
      "version": "1.2.206",
      "resolved": "https://registry.npmjs.org/@swc/core-freebsd-x64/-/core-freebsd-x64-1.2.206.tgz",
      "integrity": "sha512-iqGn6hZVkMeD6a+at75Cfozu8YuErPrI0p26CJRUfGfvHay5hM64jPYg8AGAvz5M/EaytN1b+vbHbIzDzSarUQ==",
      "dev": true,
      "optional": true
    },
    "@swc/core-linux-arm-gnueabihf": {
      "version": "1.2.206",
      "resolved": "https://registry.npmjs.org/@swc/core-linux-arm-gnueabihf/-/core-linux-arm-gnueabihf-1.2.206.tgz",
      "integrity": "sha512-Z4c3SbnbN3dtN960+c7mm8QHIaorRX9cIDI7IOHw42VyqgYky5AcuZnOQrM6XKdflulPAd8siJaUh1SMSRxiiA==",
      "dev": true,
      "optional": true
    },
    "@swc/core-linux-arm64-gnu": {
      "version": "1.2.206",
      "resolved": "https://registry.npmjs.org/@swc/core-linux-arm64-gnu/-/core-linux-arm64-gnu-1.2.206.tgz",
      "integrity": "sha512-CwNJv9yBhRFgG4YPrXSMf6wCLp3dHjARuQI+IV6ep0at7DyxpmNKIMkmo2Ru8fhMCKfxILdOezn+PCfH5SkCqg==",
      "dev": true,
      "optional": true
    },
    "@swc/core-linux-arm64-musl": {
      "version": "1.2.206",
      "resolved": "https://registry.npmjs.org/@swc/core-linux-arm64-musl/-/core-linux-arm64-musl-1.2.206.tgz",
      "integrity": "sha512-HyndSMfsuNZ9oZf4vVRmTJ6VXLbG3WLV2uzqnYo6ezjpcHqBI8VlgW5qSxlTa1Gxisw6ye9YX5M+NddX/jGlMQ==",
      "dev": true,
      "optional": true
    },
    "@swc/core-linux-x64-gnu": {
      "version": "1.2.206",
      "resolved": "https://registry.npmjs.org/@swc/core-linux-x64-gnu/-/core-linux-x64-gnu-1.2.206.tgz",
      "integrity": "sha512-eGzXsW1u65RmsrqRHfpYsYBOPZCuYf0aVXCsXYmQMJ0CuK1hIWyvA5LMOqFZNQJS3+Np5ezZ5OiH2KaxzCtWRA==",
      "dev": true,
      "optional": true
    },
    "@swc/core-linux-x64-musl": {
      "version": "1.2.206",
      "resolved": "https://registry.npmjs.org/@swc/core-linux-x64-musl/-/core-linux-x64-musl-1.2.206.tgz",
      "integrity": "sha512-WXuAaee7PNOllQjMm/IaqrJeYG3x0B32LtbdMDh++fe53zMytrilHmmE+IfxzZFBa4Hacu7U1JyTG+cFBpmscA==",
      "dev": true,
      "optional": true
    },
    "@swc/core-win32-arm64-msvc": {
      "version": "1.2.206",
      "resolved": "https://registry.npmjs.org/@swc/core-win32-arm64-msvc/-/core-win32-arm64-msvc-1.2.206.tgz",
      "integrity": "sha512-IqXVI4WAYlX2V8rXZrUEz3qljm3n5EA43zVSG4SlwnE3nbgzvlX5Yw1U06n2/Z7Q/n5mYV3XOik6LIJ5G5MiFw==",
      "dev": true,
      "optional": true
    },
    "@swc/core-win32-ia32-msvc": {
      "version": "1.2.206",
      "resolved": "https://registry.npmjs.org/@swc/core-win32-ia32-msvc/-/core-win32-ia32-msvc-1.2.206.tgz",
      "integrity": "sha512-wO8+BpfEEX4dGZPoLft7SoGeMf3NbUvuSkjzkFl0y81YCRTt+UQngSyNI3irIrAoh5u3lE3g9Pt4GX4gIYxT+Q==",
      "dev": true,
      "optional": true
    },
    "@swc/core-win32-x64-msvc": {
      "version": "1.2.206",
      "resolved": "https://registry.npmjs.org/@swc/core-win32-x64-msvc/-/core-win32-x64-msvc-1.2.206.tgz",
      "integrity": "sha512-LTC1x4VeWnHBtCKw7CLk3fbp3FxgcrjkbM2gS32qOCVl6QNVw+GoyWtnEEb9biAO/MjK/AESz96ew4cgmBVAJw==",
      "dev": true,
      "optional": true
    },
    "@swc/helpers": {
      "version": "0.4.3",
      "resolved": "https://registry.npmjs.org/@swc/helpers/-/helpers-0.4.3.tgz",
      "integrity": "sha512-6JrF+fdUK2zbGpJIlN7G3v966PQjyx/dPt1T9km2wj+EUBqgrxCk3uX4Kct16MIm9gGxfKRcfax2hVf5jvlTzA==",
      "dev": true,
      "requires": {
        "tslib": "^2.4.0"
      }
    },
    "regenerator-runtime": {
      "version": "0.13.9",
      "resolved": "https://registry.npmjs.org/regenerator-runtime/-/regenerator-runtime-0.13.9.tgz",
      "integrity": "sha512-p3VT+cOEgxFsRRA9X4lkI1E+k2/CtnKtU4gcxyaCUreilL/vqI6CdZ3wxVUx3UOUg+gnUOQQcRI7BmSI656MYA==",
      "dev": true
    },
    "tslib": {
      "version": "2.4.0",
      "resolved": "https://registry.npmjs.org/tslib/-/tslib-2.4.0.tgz",
      "integrity": "sha512-d6xOpEDfsi2CZVlPQzGeux8XMwLT9hssAsaPYExaQMuYskwb+x1x7J371tWlbBdWHroy99KnVB6qIkUbs5X3UQ==",
      "dev": true
    }
  }
}
